
Microsoft Visual Studio Solution File, Format Version 12.00
# Visual Studio 2017
Project("{FAE04EC0-301F-11D3-BF4B-00C04F79EFBC}") = "Shmoop", "Shmoop.csproj", "{054AAC95-56D7-EE55-09D2-0DF118DFDB4F}"
EndProject
Global
	GlobalSection(SolutionConfigurationPlatforms) = preSolution
		Debug|Any CPU = Debug|Any CPU
		Release|Any CPU = Release|Any CPU
	EndGlobalSection
	GlobalSection(ProjectConfigurationPlatforms) = postSolution
		{054AAC95-56D7-EE55-09D2-0DF118DFDB4F}.Debug|Any CPU.ActiveCfg = Debug|Any CPU
		{054AAC95-56D7-EE55-09D2-0DF118DFDB4F}.Debug|Any CPU.Build.0 = Debug|Any CPU
		{054AAC95-56D7-EE55-09D2-0DF118DFDB4F}.Release|Any CPU.ActiveCfg = Release|Any CPU
		{054AAC95-56D7-EE55-09D2-0DF118DFDB4F}.Release|Any CPU.Build.0 = Release|Any CPU
	EndGlobalSection
	GlobalSection(SolutionProperties) = preSolution
		HideSolutionNode = FALSE
	EndGlobalSection
EndGlobal
